
Microsoft Visual Studio Solution File, Format Version 12.00
Project("{FAE04EC0-301F-11D3-BF4B-00C04F79EFBC}") = "L1", "L1\L1.csproj", "{4F7A092F-4ACC-444C-B4AA-CF9A6D57B577}"
EndProject
Project("{FAE04EC0-301F-11D3-BF4B-00C04F79EFBC}") = "L2", "L2\L2.csproj", "{2E83BE30-FDD2-4F0F-A8DC-CAA3B8C109BD}"
EndProject
Project("{FAE04EC0-301F-11D3-BF4B-00C04F79EFBC}") = "Test_for_L2", "Test_for_L2\Test_for_L2.csproj", "{888AD776-C039-413F-9959-DABE8E1A05E0}"
EndProject
Project("{FAE04EC0-301F-11D3-BF4B-00C04F79EFBC}") = "L3", "L3\L3.csproj", "{6AB6A55E-73C9-4826-83D2-193F42946385}"
EndProject
Project("{FAE04EC0-301F-11D3-BF4B-00C04F79EFBC}") = "L4", "L4\L4.csproj", "{4626CAB9-D696-4DAA-A2C7-EABCF0E12AA2}"
EndProject
Project("{FAE04EC0-301F-11D3-BF4B-00C04F79EFBC}") = "L5", "L5\L5.csproj", "{F9B09927-AD4E-499B-8F8D-3FEDC2B67BE1}"
EndProject
Project("{FAE04EC0-301F-11D3-BF4B-00C04F79EFBC}") = "L7", "L7\L7.csproj", "{2612BA1F-CA16-4A75-A3E6-83E2713B5EE6}"
EndProject
Project("{FAE04EC0-301F-11D3-BF4B-00C04F79EFBC}") = "L8", "L8\L8.csproj", "{3FF9F121-8C8C-4701-A872-455770060BBE}"
EndProject
Project("{FAE04EC0-301F-11D3-BF4B-00C04F79EFBC}") = "Lab9", "Lab9\Lab9.csproj", "{6DBB45E8-2E86-46BB-9B28-0612992048E5}"
EndProject
Global
	GlobalSection(SolutionConfigurationPlatforms) = preSolution
		Debug|Any CPU = Debug|Any CPU
		Release|Any CPU = Release|Any CPU
	EndGlobalSection
	GlobalSection(ProjectConfigurationPlatforms) = postSolution
		{4F7A092F-4ACC-444C-B4AA-CF9A6D57B577}.Debug|Any CPU.ActiveCfg = Debug|Any CPU
		{4F7A092F-4ACC-444C-B4AA-CF9A6D57B577}.Debug|Any CPU.Build.0 = Debug|Any CPU
		{4F7A092F-4ACC-444C-B4AA-CF9A6D57B577}.Release|Any CPU.ActiveCfg = Release|Any CPU
		{4F7A092F-4ACC-444C-B4AA-CF9A6D57B577}.Release|Any CPU.Build.0 = Release|Any CPU
		{2E83BE30-FDD2-4F0F-A8DC-CAA3B8C109BD}.Debug|Any CPU.ActiveCfg = Debug|Any CPU
		{2E83BE30-FDD2-4F0F-A8DC-CAA3B8C109BD}.Debug|Any CPU.Build.0 = Debug|Any CPU
		{2E83BE30-FDD2-4F0F-A8DC-CAA3B8C109BD}.Release|Any CPU.ActiveCfg = Release|Any CPU
		{2E83BE30-FDD2-4F0F-A8DC-CAA3B8C109BD}.Release|Any CPU.Build.0 = Release|Any CPU
		{888AD776-C039-413F-9959-DABE8E1A05E0}.Debug|Any CPU.ActiveCfg = Debug|Any CPU
		{888AD776-C039-413F-9959-DABE8E1A05E0}.Debug|Any CPU.Build.0 = Debug|Any CPU
		{888AD776-C039-413F-9959-DABE8E1A05E0}.Release|Any CPU.ActiveCfg = Release|Any CPU
		{888AD776-C039-413F-9959-DABE8E1A05E0}.Release|Any CPU.Build.0 = Release|Any CPU
		{6AB6A55E-73C9-4826-83D2-193F42946385}.Debug|Any CPU.ActiveCfg = Debug|Any CPU
		{6AB6A55E-73C9-4826-83D2-193F42946385}.Debug|Any CPU.Build.0 = Debug|Any CPU
		{6AB6A55E-73C9-4826-83D2-193F42946385}.Release|Any CPU.ActiveCfg = Release|Any CPU
		{6AB6A55E-73C9-4826-83D2-193F42946385}.Release|Any CPU.Build.0 = Release|Any CPU
		{4626CAB9-D696-4DAA-A2C7-EABCF0E12AA2}.Debug|Any CPU.ActiveCfg = Debug|Any CPU
		{4626CAB9-D696-4DAA-A2C7-EABCF0E12AA2}.Debug|Any CPU.Build.0 = Debug|Any CPU
		{4626CAB9-D696-4DAA-A2C7-EABCF0E12AA2}.Release|Any CPU.ActiveCfg = Release|Any CPU
		{4626CAB9-D696-4DAA-A2C7-EABCF0E12AA2}.Release|Any CPU.Build.0 = Release|Any CPU
		{F9B09927-AD4E-499B-8F8D-3FEDC2B67BE1}.Debug|Any CPU.ActiveCfg = Debug|Any CPU
		{F9B09927-AD4E-499B-8F8D-3FEDC2B67BE1}.Debug|Any CPU.Build.0 = Debug|Any CPU
		{F9B09927-AD4E-499B-8F8D-3FEDC2B67BE1}.Release|Any CPU.ActiveCfg = Release|Any CPU
		{F9B09927-AD4E-499B-8F8D-3FEDC2B67BE1}.Release|Any CPU.Build.0 = Release|Any CPU
		{2612BA1F-CA16-4A75-A3E6-83E2713B5EE6}.Debug|Any CPU.ActiveCfg = Debug|Any CPU
		{2612BA1F-CA16-4A75-A3E6-83E2713B5EE6}.Debug|Any CPU.Build.0 = Debug|Any CPU
		{2612BA1F-CA16-4A75-A3E6-83E2713B5EE6}.Release|Any CPU.ActiveCfg = Release|Any CPU
		{2612BA1F-CA16-4A75-A3E6-83E2713B5EE6}.Release|Any CPU.Build.0 = Release|Any CPU
		{3FF9F121-8C8C-4701-A872-455770060BBE}.Debug|Any CPU.ActiveCfg = Debug|Any CPU
		{3FF9F121-8C8C-4701-A872-455770060BBE}.Debug|Any CPU.Build.0 = Debug|Any CPU
		{3FF9F121-8C8C-4701-A872-455770060BBE}.Release|Any CPU.ActiveCfg = Release|Any CPU
		{3FF9F121-8C8C-4701-A872-455770060BBE}.Release|Any CPU.Build.0 = Release|Any CPU
		{6DBB45E8-2E86-46BB-9B28-0612992048E5}.Debug|Any CPU.ActiveCfg = Debug|Any CPU
		{6DBB45E8-2E86-46BB-9B28-0612992048E5}.Debug|Any CPU.Build.0 = Debug|Any CPU
		{6DBB45E8-2E86-46BB-9B28-0612992048E5}.Release|Any CPU.ActiveCfg = Release|Any CPU
		{6DBB45E8-2E86-46BB-9B28-0612992048E5}.Release|Any CPU.Build.0 = Release|Any CPU
	EndGlobalSection
EndGlobal
